
Microsoft Visual Studio Solution File, Format Version 12.00
# Visual Studio Version 17
VisualStudioVersion = 17.14.36717.8 d17.14
MinimumVisualStudioVersion = 10.0.40219.1
Project("{FAE04EC0-301F-11D3-BF4B-00C04F79EFBC}") = "Bank", "Bank\Bank.csproj", "{EECDF705-2636-461C-B04A-3FDF217A784C}"
EndProject
Global
	GlobalSection(SolutionConfigurationPlatforms) = preSolution
		Debug|Any CPU = Debug|Any CPU
		Release|Any CPU = Release|Any CPU
	EndGlobalSection
	GlobalSection(ProjectConfigurationPlatforms) = postSolution
		{EECDF705-2636-461C-B04A-3FDF217A784C}.Debug|Any CPU.ActiveCfg = Debug|Any CPU
		{EECDF705-2636-461C-B04A-3FDF217A784C}.Debug|Any CPU.Build.0 = Debug|Any CPU
		{EECDF705-2636-461C-B04A-3FDF217A784C}.Release|Any CPU.ActiveCfg = Release|Any CPU
		{EECDF705-2636-461C-B04A-3FDF217A784C}.Release|Any CPU.Build.0 = Release|Any CPU
	EndGlobalSection
	GlobalSection(SolutionProperties) = preSolution
		HideSolutionNode = FALSE
	EndGlobalSection
	GlobalSection(ExtensibilityGlobals) = postSolution
		SolutionGuid = {82F66DB7-A847-475F-B58B-4AB1B5E1BA32}
	EndGlobalSection
EndGlobal
